
Microsoft Visual Studio Solution File, Format Version 12.00
# Visual Studio Version 16
VisualStudioVersion = 16.0.30330.147
MinimumVisualStudioVersion = 10.0.40219.1
Project("{FAE04EC0-301F-11D3-BF4B-00C04F79EFBC}") = "DOTNETCOREConfigurationDemo", "DOTNETCOREConfigurationDemo.csproj", "{C61A1F05-32E5-4857-9112-15DE9CDE556A}"
EndProject
Global
	GlobalSection(SolutionConfigurationPlatforms) = preSolution
		Debug|Any CPU = Debug|Any CPU
		Release|Any CPU = Release|Any CPU
	EndGlobalSection
	GlobalSection(ProjectConfigurationPlatforms) = postSolution
		{C61A1F05-32E5-4857-9112-15DE9CDE556A}.Debug|Any CPU.ActiveCfg = Debug|Any CPU
		{C61A1F05-32E5-4857-9112-15DE9CDE556A}.Debug|Any CPU.Build.0 = Debug|Any CPU
		{C61A1F05-32E5-4857-9112-15DE9CDE556A}.Release|Any CPU.ActiveCfg = Release|Any CPU
		{C61A1F05-32E5-4857-9112-15DE9CDE556A}.Release|Any CPU.Build.0 = Release|Any CPU
	EndGlobalSection
	GlobalSection(SolutionProperties) = preSolution
		HideSolutionNode = FALSE
	EndGlobalSection
	GlobalSection(ExtensibilityGlobals) = postSolution
		SolutionGuid = {CBC573F2-0C37-47AF-85F7-8BFAD1B14FE9}
	EndGlobalSection
EndGlobal
